
Microsoft Visual Studio Solution File, Format Version 12.00
# Visual Studio 15
VisualStudioVersion = 15.0.28307.421
MinimumVisualStudioVersion = 10.0.40219.1
Project("{FAE04EC0-301F-11D3-BF4B-00C04F79EFBC}") = "RoverChallenge", "RoverChallenge\RoverChallenge.csproj", "{602ABBB0-B660-4BAC-B49A-2EAA6535E708}"
EndProject
Project("{FAE04EC0-301F-11D3-BF4B-00C04F79EFBC}") = "RoverChallengeTest", "RoverChallengeTest\RoverChallengeTest.csproj", "{0AB585E3-845D-4996-9105-06A8160DDEE5}"
EndProject
Global
	GlobalSection(SolutionConfigurationPlatforms) = preSolution
		Debug|Any CPU = Debug|Any CPU
		Release|Any CPU = Release|Any CPU
	EndGlobalSection
	GlobalSection(ProjectConfigurationPlatforms) = postSolution
		{602ABBB0-B660-4BAC-B49A-2EAA6535E708}.Debug|Any CPU.ActiveCfg = Debug|Any CPU
		{602ABBB0-B660-4BAC-B49A-2EAA6535E708}.Debug|Any CPU.Build.0 = Debug|Any CPU
		{602ABBB0-B660-4BAC-B49A-2EAA6535E708}.Release|Any CPU.ActiveCfg = Release|Any CPU
		{602ABBB0-B660-4BAC-B49A-2EAA6535E708}.Release|Any CPU.Build.0 = Release|Any CPU
		{0AB585E3-845D-4996-9105-06A8160DDEE5}.Debug|Any CPU.ActiveCfg = Debug|Any CPU
		{0AB585E3-845D-4996-9105-06A8160DDEE5}.Debug|Any CPU.Build.0 = Debug|Any CPU
		{0AB585E3-845D-4996-9105-06A8160DDEE5}.Release|Any CPU.ActiveCfg = Release|Any CPU
		{0AB585E3-845D-4996-9105-06A8160DDEE5}.Release|Any CPU.Build.0 = Release|Any CPU
	EndGlobalSection
	GlobalSection(SolutionProperties) = preSolution
		HideSolutionNode = FALSE
	EndGlobalSection
	GlobalSection(ExtensibilityGlobals) = postSolution
		SolutionGuid = {C6A1CEB7-DE28-4888-B273-B238FA253F02}
	EndGlobalSection
EndGlobal
